
Microsoft Visual Studio Solution File, Format Version 11.00
# Visual Studio 2010
Project("{E24C65DC-7377-472B-9ABA-BC803B73C61A}") = "PassGridViewValuesToAnotherPage(VB.NET)", "D:\Office Data\Usman\Articles\PassGridViewValuesToAnotherPage(VB.NET)\", "{3F8CE62B-992B-4AD7-B85F-A5EAD0CA7ADA}"
	ProjectSection(WebsiteProperties) = preProject
		TargetFrameworkMoniker = ".NETFramework,Version%3Dv4.0"
		Debug.AspNetCompiler.VirtualPath = "/PassGridViewValuesToAnotherPage(VB.NET)"
		Debug.AspNetCompiler.PhysicalPath = "..\PassGridViewValuesToAnotherPage(VB.NET)\"
		Debug.AspNetCompiler.TargetPath = "PrecompiledWeb\PassGridViewValuesToAnotherPage(VB.NET)\"
		Debug.AspNetCompiler.Updateable = "true"
		Debug.AspNetCompiler.ForceOverwrite = "true"
		Debug.AspNetCompiler.FixedNames = "false"
		Debug.AspNetCompiler.Debug = "True"
		Release.AspNetCompiler.VirtualPath = "/PassGridViewValuesToAnotherPage(VB.NET)"
		Release.AspNetCompiler.PhysicalPath = "..\PassGridViewValuesToAnotherPage(VB.NET)\"
		Release.AspNetCompiler.TargetPath = "PrecompiledWeb\PassGridViewValuesToAnotherPage(VB.NET)\"
		Release.AspNetCompiler.Updateable = "true"
		Release.AspNetCompiler.ForceOverwrite = "true"
		Release.AspNetCompiler.FixedNames = "false"
		Release.AspNetCompiler.Debug = "False"
		VWDPort = "2936"
		DefaultWebSiteLanguage = "Visual Basic"
	EndProjectSection
EndProject
Global
	GlobalSection(SolutionConfigurationPlatforms) = preSolution
		Debug|Any CPU = Debug|Any CPU
	EndGlobalSection
	GlobalSection(ProjectConfigurationPlatforms) = postSolution
		{3F8CE62B-992B-4AD7-B85F-A5EAD0CA7ADA}.Debug|Any CPU.ActiveCfg = Debug|Any CPU
		{3F8CE62B-992B-4AD7-B85F-A5EAD0CA7ADA}.Debug|Any CPU.Build.0 = Debug|Any CPU
	EndGlobalSection
	GlobalSection(SolutionProperties) = preSolution
		HideSolutionNode = FALSE
	EndGlobalSection
EndGlobal
